// !$*UTF8*$!
{
	archiveVersion = 1;
	classes = {
	};
	objectVersion = 48;
	objects = {

/* Begin PBXBuildFile section */
		16CC8EFD20695A3F00D0D1DC /* TwitterFunctions.swift in Sources */ = {isa = PBXBuildFile; fileRef = 16CC8EFC20695A3F00D0D1DC /* TwitterFunctions.swift */; };
		16CC8F01206ACDEF00D0D1DC /* AppDelegate-TwitterAPI.m in Sources */ = {isa = PBXBuildFile; fileRef = 16CC8F00206ACDEF00D0D1DC /* AppDelegate-TwitterAPI.m */; };
		16FC3A812033904A00992FB3 /* AppDelegate.swift in Sources */ = {isa = PBXBuildFile; fileRef = 16FC3A802033904A00992FB3 /* AppDelegate.swift */; };
		16FC3A862033904A00992FB3 /* Main.storyboard in Resources */ = {isa = PBXBuildFile; fileRef = 16FC3A842033904A00992FB3 /* Main.storyboard */; };
		16FC3A892033904A00992FB3 /* TwonateApplication.xcdatamodeld in Sources */ = {isa = PBXBuildFile; fileRef = 16FC3A872033904A00992FB3 /* TwonateApplication.xcdatamodeld */; };
		16FC3A8B2033904A00992FB3 /* Assets.xcassets in Resources */ = {isa = PBXBuildFile; fileRef = 16FC3A8A2033904A00992FB3 /* Assets.xcassets */; };
		16FC3A8E2033904A00992FB3 /* LaunchScreen.storyboard in Resources */ = {isa = PBXBuildFile; fileRef = 16FC3A8C2033904A00992FB3 /* LaunchScreen.storyboard */; };
		16FC3A992033904A00992FB3 /* TwonateApplicationTests.swift in Sources */ = {isa = PBXBuildFile; fileRef = 16FC3A982033904A00992FB3 /* TwonateApplicationTests.swift */; };
		16FC3AA42033904A00992FB3 /* TwonateApplicationUITests.swift in Sources */ = {isa = PBXBuildFile; fileRef = 16FC3AA32033904A00992FB3 /* TwonateApplicationUITests.swift */; };
		16FDA683207288210026EFA3 /* LogInViewController.swift in Sources */ = {isa = PBXBuildFile; fileRef = 16FDA682207288210026EFA3 /* LogInViewController.swift */; };
		53069EBE2097754400534074 /* FundraisersViewController.swift in Sources */ = {isa = PBXBuildFile; fileRef = 53069EBD2097754400534074 /* FundraisersViewController.swift */; };
		532166E620AB7D5A008D1803 /* CreateFundraiserViewController.swift in Sources */ = {isa = PBXBuildFile; fileRef = 532166E520AB7D5A008D1803 /* CreateFundraiserViewController.swift */; };
		536D85A62075C397003EC86E /* GoogleService-Info.plist in Resources */ = {isa = PBXBuildFile; fileRef = 536D85A52075C397003EC86E /* GoogleService-Info.plist */; };
		53B3604120A898BA005DFAFC /* Fundraiser.swift in Sources */ = {isa = PBXBuildFile; fileRef = 53B3604020A898BA005DFAFC /* Fundraiser.swift */; };
		53B3604320A89931005DFAFC /* FundraiserCollectionViewCell.swift in Sources */ = {isa = PBXBuildFile; fileRef = 53B3604220A89931005DFAFC /* FundraiserCollectionViewCell.swift */; };
		53FDC60620BDDE0000B3E3FD /* FundraiserDetailViewController.swift in Sources */ = {isa = PBXBuildFile; fileRef = 53FDC60520BDDE0000B3E3FD /* FundraiserDetailViewController.swift */; };
		53FDC60820BDE03600B3E3FD /* LeaderboardTableViewCell.swift in Sources */ = {isa = PBXBuildFile; fileRef = 53FDC60720BDE03600B3E3FD /* LeaderboardTableViewCell.swift */; };
		53FDC60A20BDE06600B3E3FD /* Leaderboard.swift in Sources */ = {isa = PBXBuildFile; fileRef = 53FDC60920BDE06600B3E3FD /* Leaderboard.swift */; };
		53FDC60C20BE003D00B3E3FD /* UserProfileViewController.swift in Sources */ = {isa = PBXBuildFile; fileRef = 53FDC60B20BE003D00B3E3FD /* UserProfileViewController.swift */; };
		E2F1425FB6E21CBD7ADA123C /* Pods_TwonateApplication.framework in Frameworks */ = {isa = PBXBuildFile; fileRef = E52A143E9BBA7696C10AE0EC /* Pods_TwonateApplication.framework */; };
/* End PBXBuildFile section */

/* Begin PBXContainerItemProxy section */
		16FC3A952033904A00992FB3 /* PBXContainerItemProxy */ = {
			isa = PBXContainerItemProxy;
			containerPortal = 16FC3A752033904A00992FB3 /* Project object */;
			proxyType = 1;
			remoteGlobalIDString = 16FC3A7C2033904A00992FB3;
			remoteInfo = TwonateApplication;
		};
		16FC3AA02033904A00992FB3 /* PBXContainerItemProxy */ = {
			isa = PBXContainerItemProxy;
			containerPortal = 16FC3A752033904A00992FB3 /* Project object */;
			proxyType = 1;
			remoteGlobalIDString = 16FC3A7C2033904A00992FB3;
			remoteInfo = TwonateApplication;
		};
/* End PBXContainerItemProxy section */

/* Begin PBXFileReference section */
		16CC8EFC20695A3F00D0D1DC /* TwitterFunctions.swift */ = {isa = PBXFileReference; lastKnownFileType = sourcecode.swift; path = TwitterFunctions.swift; sourceTree = "<group>"; };
		16CC8EFF206ACDEF00D0D1DC /* TwonateApplication-Bridging-Header.h */ = {isa = PBXFileReference; lastKnownFileType = sourcecode.c.h; path = "TwonateApplication-Bridging-Header.h"; sourceTree = "<group>"; };
		16CC8F00206ACDEF00D0D1DC /* AppDelegate-TwitterAPI.m */ = {isa = PBXFileReference; lastKnownFileType = sourcecode.c.objc; path = "AppDelegate-TwitterAPI.m"; sourceTree = "<group>"; };
		16FC3A7D2033904A00992FB3 /* TwonateApplication.app */ = {isa = PBXFileReference; explicitFileType = wrapper.application; includeInIndex = 0; path = TwonateApplication.app; sourceTree = BUILT_PRODUCTS_DIR; };
		16FC3A802033904A00992FB3 /* AppDelegate.swift */ = {isa = PBXFileReference; lastKnownFileType = sourcecode.swift; path = AppDelegate.swift; sourceTree = "<group>"; };
		16FC3A852033904A00992FB3 /* Base */ = {isa = PBXFileReference; lastKnownFileType = file.storyboard; name = Base; path = Base.lproj/Main.storyboard; sourceTree = "<group>"; };
		16FC3A882033904A00992FB3 /* TwonateApplication.xcdatamodel */ = {isa = PBXFileReference; lastKnownFileType = wrapper.xcdatamodel; path = TwonateApplication.xcdatamodel; sourceTree = "<group>"; };
		16FC3A8A2033904A00992FB3 /* Assets.xcassets */ = {isa = PBXFileReference; lastKnownFileType = folder.assetcatalog; path = Assets.xcassets; sourceTree = "<group>"; };
		16FC3A8D2033904A00992FB3 /* Base */ = {isa = PBXFileReference; lastKnownFileType = file.storyboard; name = Base; path = Base.lproj/LaunchScreen.storyboard; sourceTree = "<group>"; };
		16FC3A8F2033904A00992FB3 /* Info.plist */ = {isa = PBXFileReference; lastKnownFileType = text.plist.xml; path = Info.plist; sourceTree = "<group>"; };
		16FC3A942033904A00992FB3 /* TwonateApplicationTests.xctest */ = {isa = PBXFileReference; explicitFileType = wrapper.cfbundle; includeInIndex = 0; path = TwonateApplicationTests.xctest; sourceTree = BUILT_PRODUCTS_DIR; };
		16FC3A982033904A00992FB3 /* TwonateApplicationTests.swift */ = {isa = PBXFileReference; lastKnownFileType = sourcecode.swift; path = TwonateApplicationTests.swift; sourceTree = "<group>"; };
		16FC3A9A2033904A00992FB3 /* Info.plist */ = {isa = PBXFileReference; lastKnownFileType = text.plist.xml; path = Info.plist; sourceTree = "<group>"; };
		16FC3A9F2033904A00992FB3 /* TwonateApplicationUITests.xctest */ = {isa = PBXFileReference; explicitFileType = wrapper.cfbundle; includeInIndex = 0; path = TwonateApplicationUITests.xctest; sourceTree = BUILT_PRODUCTS_DIR; };
		16FC3AA32033904A00992FB3 /* TwonateApplicationUITests.swift */ = {isa = PBXFileReference; lastKnownFileType = sourcecode.swift; path = TwonateApplicationUITests.swift; sourceTree = "<group>"; };
		16FC3AA52033904A00992FB3 /* Info.plist */ = {isa = PBXFileReference; lastKnownFileType = text.plist.xml; path = Info.plist; sourceTree = "<group>"; };
		16FDA682207288210026EFA3 /* LogInViewController.swift */ = {isa = PBXFileReference; lastKnownFileType = sourcecode.swift; path = LogInViewController.swift; sourceTree = "<group>"; };
		53069EBD2097754400534074 /* FundraisersViewController.swift */ = {isa = PBXFileReference; lastKnownFileType = sourcecode.swift; path = FundraisersViewController.swift; sourceTree = "<group>"; };
		532166E520AB7D5A008D1803 /* CreateFundraiserViewController.swift */ = {isa = PBXFileReference; lastKnownFileType = sourcecode.swift; path = CreateFundraiserViewController.swift; sourceTree = "<group>"; };
		536D85A52075C397003EC86E /* GoogleService-Info.plist */ = {isa = PBXFileReference; fileEncoding = 4; lastKnownFileType = text.plist.xml; path = "GoogleService-Info.plist"; sourceTree = "<group>"; };
		53B3604020A898BA005DFAFC /* Fundraiser.swift */ = {isa = PBXFileReference; lastKnownFileType = sourcecode.swift; path = Fundraiser.swift; sourceTree = "<group>"; };
		53B3604220A89931005DFAFC /* FundraiserCollectionViewCell.swift */ = {isa = PBXFileReference; lastKnownFileType = sourcecode.swift; path = FundraiserCollectionViewCell.swift; sourceTree = "<group>"; };
		53FDC60520BDDE0000B3E3FD /* FundraiserDetailViewController.swift */ = {isa = PBXFileReference; lastKnownFileType = sourcecode.swift; path = FundraiserDetailViewController.swift; sourceTree = "<group>"; };
		53FDC60720BDE03600B3E3FD /* LeaderboardTableViewCell.swift */ = {isa = PBXFileReference; lastKnownFileType = sourcecode.swift; path = LeaderboardTableViewCell.swift; sourceTree = "<group>"; };
		53FDC60920BDE06600B3E3FD /* Leaderboard.swift */ = {isa = PBXFileReference; lastKnownFileType = sourcecode.swift; path = Leaderboard.swift; sourceTree = "<group>"; };
		53FDC60B20BE003D00B3E3FD /* UserProfileViewController.swift */ = {isa = PBXFileReference; lastKnownFileType = sourcecode.swift; path = UserProfileViewController.swift; sourceTree = "<group>"; };
		BDC64D65C53D7FD6ED3BC7AC /* Pods-TwonateApplication.release.xcconfig */ = {isa = PBXFileReference; includeInIndex = 1; lastKnownFileType = text.xcconfig; name = "Pods-TwonateApplication.release.xcconfig"; path = "Pods/Target Support Files/Pods-TwonateApplication/Pods-TwonateApplication.release.xcconfig"; sourceTree = "<group>"; };
		C02D5F9A223EC7F99F591621 /* Pods-TwonateApplication.debug.xcconfig */ = {isa = PBXFileReference; includeInIndex = 1; lastKnownFileType = text.xcconfig; name = "Pods-TwonateApplication.debug.xcconfig"; path = "Pods/Target Support Files/Pods-TwonateApplication/Pods-TwonateApplication.debug.xcconfig"; sourceTree = "<group>"; };
		E52A143E9BBA7696C10AE0EC /* Pods_TwonateApplication.framework */ = {isa = PBXFileReference; explicitFileType = wrapper.framework; includeInIndex = 0; path = Pods_TwonateApplication.framework; sourceTree = BUILT_PRODUCTS_DIR; };
/* End PBXFileReference section */

/* Begin PBXFrameworksBuildPhase section */
		16FC3A7A2033904A00992FB3 /* Frameworks */ = {
			isa = PBXFrameworksBuildPhase;
			buildActionMask = 2147483647;
			files = (
				E2F1425FB6E21CBD7ADA123C /* Pods_TwonateApplication.framework in Frameworks */,
			);
			runOnlyForDeploymentPostprocessing = 0;
		};
		16FC3A912033904A00992FB3 /* Frameworks */ = {
			isa = PBXFrameworksBuildPhase;
			buildActionMask = 2147483647;
			files = (
			);
			runOnlyForDeploymentPostprocessing = 0;
		};
		16FC3A9C2033904A00992FB3 /* Frameworks */ = {
			isa = PBXFrameworksBuildPhase;
			buildActionMask = 2147483647;
			files = (
			);
			runOnlyForDeploymentPostprocessing = 0;
		};
/* End PBXFrameworksBuildPhase section */

/* Begin PBXGroup section */
		0C8D211A710F6EDCA0810D05 /* Pods */ = {
			isa = PBXGroup;
			children = (
				C02D5F9A223EC7F99F591621 /* Pods-TwonateApplication.debug.xcconfig */,
				BDC64D65C53D7FD6ED3BC7AC /* Pods-TwonateApplication.release.xcconfig */,
			);
			name = Pods;
			sourceTree = "<group>";
		};
		16FC3A742033904A00992FB3 = {
			isa = PBXGroup;
			children = (
				16FC3A7F2033904A00992FB3 /* TwonateApplication */,
				16FC3A972033904A00992FB3 /* TwonateApplicationTests */,
				16FC3AA22033904A00992FB3 /* TwonateApplicationUITests */,
				16FC3A7E2033904A00992FB3 /* Products */,
				0C8D211A710F6EDCA0810D05 /* Pods */,
				4EBEB77BCC20C0674EE43E2A /* Frameworks */,
			);
			sourceTree = "<group>";
		};
		16FC3A7E2033904A00992FB3 /* Products */ = {
			isa = PBXGroup;
			children = (
				16FC3A7D2033904A00992FB3 /* TwonateApplication.app */,
				16FC3A942033904A00992FB3 /* TwonateApplicationTests.xctest */,
				16FC3A9F2033904A00992FB3 /* TwonateApplicationUITests.xctest */,
			);
			name = Products;
			sourceTree = "<group>";
		};
		16FC3A7F2033904A00992FB3 /* TwonateApplication */ = {
			isa = PBXGroup;
			children = (
				16FC3A802033904A00992FB3 /* AppDelegate.swift */,
				16FDA682207288210026EFA3 /* LogInViewController.swift */,
				53069EBD2097754400534074 /* FundraisersViewController.swift */,
				53B3604220A89931005DFAFC /* FundraiserCollectionViewCell.swift */,
				53FDC60520BDDE0000B3E3FD /* FundraiserDetailViewController.swift */,
				53FDC60720BDE03600B3E3FD /* LeaderboardTableViewCell.swift */,
				532166E520AB7D5A008D1803 /* CreateFundraiserViewController.swift */,
				53FDC60B20BE003D00B3E3FD /* UserProfileViewController.swift */,
				53FDC60920BDE06600B3E3FD /* Leaderboard.swift */,
				53B3604020A898BA005DFAFC /* Fundraiser.swift */,
				16CC8EFC20695A3F00D0D1DC /* TwitterFunctions.swift */,
				16FC3A842033904A00992FB3 /* Main.storyboard */,
				16FC3A8A2033904A00992FB3 /* Assets.xcassets */,
				16FC3A8C2033904A00992FB3 /* LaunchScreen.storyboard */,
				16CC8F00206ACDEF00D0D1DC /* AppDelegate-TwitterAPI.m */,
				16FC3A8F2033904A00992FB3 /* Info.plist */,
				536D85A52075C397003EC86E /* GoogleService-Info.plist */,
				16FC3A872033904A00992FB3 /* TwonateApplication.xcdatamodeld */,
				16CC8EFF206ACDEF00D0D1DC /* TwonateApplication-Bridging-Header.h */,
			);
			path = TwonateApplication;
			sourceTree = "<group>";
		};
		16FC3A972033904A00992FB3 /* TwonateApplicationTests */ = {
			isa = PBXGroup;
			children = (
				16FC3A982033904A00992FB3 /* TwonateApplicationTests.swift */,
				16FC3A9A2033904A00992FB3 /* Info.plist */,
			);
			path = TwonateApplicationTests;
			sourceTree = "<group>";
		};
		16FC3AA22033904A00992FB3 /* TwonateApplicationUITests */ = {
			isa = PBXGroup;
			children = (
				16FC3AA32033904A00992FB3 /* TwonateApplicationUITests.swift */,
				16FC3AA52033904A00992FB3 /* Info.plist */,
			);
			path = TwonateApplicationUITests;
			sourceTree = "<group>";
		};
		4EBEB77BCC20C0674EE43E2A /* Frameworks */ = {
			isa = PBXGroup;
			children = (
				E52A143E9BBA7696C10AE0EC /* Pods_TwonateApplication.framework */,
			);
			name = Frameworks;
			sourceTree = "<group>";
		};
/* End PBXGroup section */

/* Begin PBXNativeTarget section */
		16FC3A7C2033904A00992FB3 /* TwonateApplication */ = {
			isa = PBXNativeTarget;
			buildConfigurationList = 16FC3AA82033904A00992FB3 /* Build configuration list for PBXNativeTarget "TwonateApplication" */;
			buildPhases = (
				DD0A96006422D34C797907BD /* [CP] Check Pods Manifest.lock */,
				16FC3A792033904A00992FB3 /* Sources */,
				16FC3A7A2033904A00992FB3 /* Frameworks */,
				16FC3A7B2033904A00992FB3 /* Resources */,
				A425703FEA899437B9D60B4D /* [CP] Embed Pods Frameworks */,
				8CC833510A7D0C74648C0BD9 /* [CP] Copy Pods Resources */,
			);
			buildRules = (
			);
			dependencies = (
			);
			name = TwonateApplication;
			productName = TwonateApplication;
			productReference = 16FC3A7D2033904A00992FB3 /* TwonateApplication.app */;
			productType = "com.apple.product-type.application";
		};
		16FC3A932033904A00992FB3 /* TwonateApplicationTests */ = {
			isa = PBXNativeTarget;
			buildConfigurationList = 16FC3AAB2033904A00992FB3 /* Build configuration list for PBXNativeTarget "TwonateApplicationTests" */;
			buildPhases = (
				16FC3A902033904A00992FB3 /* Sources */,
				16FC3A912033904A00992FB3 /* Frameworks */,
				16FC3A922033904A00992FB3 /* Resources */,
			);
			buildRules = (
			);
			dependencies = (
				16FC3A962033904A00992FB3 /* PBXTargetDependency */,
			);
			name = TwonateApplicationTests;
			productName = TwonateApplicationTests;
			productReference = 16FC3A942033904A00992FB3 /* TwonateApplicationTests.xctest */;
			productType = "com.apple.product-type.bundle.unit-test";
		};
		16FC3A9E2033904A00992FB3 /* TwonateApplicationUITests */ = {
			isa = PBXNativeTarget;
			buildConfigurationList = 16FC3AAE2033904A00992FB3 /* Build configuration list for PBXNativeTarget "TwonateApplicationUITests" */;
			buildPhases = (
				16FC3A9B2033904A00992FB3 /* Sources */,
				16FC3A9C2033904A00992FB3 /* Frameworks */,
				16FC3A9D2033904A00992FB3 /* Resources */,
			);
			buildRules = (
			);
			dependencies = (
				16FC3AA12033904A00992FB3 /* PBXTargetDependency */,
			);
			name = TwonateApplicationUITests;
			productName = TwonateApplicationUITests;
			productReference = 16FC3A9F2033904A00992FB3 /* TwonateApplicationUITests.xctest */;
			productType = "com.apple.product-type.bundle.ui-testing";
		};
/* End PBXNativeTarget section */

/* Begin PBXProject section */
		16FC3A752033904A00992FB3 /* Project object */ = {
			isa = PBXProject;
			attributes = {
				LastSwiftUpdateCheck = 0920;
				LastUpgradeCheck = 0920;
				ORGANIZATIONNAME = BarnettDevelopmentCompany;
				TargetAttributes = {
					16FC3A7C2033904A00992FB3 = {
						CreatedOnToolsVersion = 9.2;
						LastSwiftMigration = 0920;
						ProvisioningStyle = Automatic;
					};
					16FC3A932033904A00992FB3 = {
						CreatedOnToolsVersion = 9.2;
						ProvisioningStyle = Automatic;
						TestTargetID = 16FC3A7C2033904A00992FB3;
					};
					16FC3A9E2033904A00992FB3 = {
						CreatedOnToolsVersion = 9.2;
						ProvisioningStyle = Automatic;
						TestTargetID = 16FC3A7C2033904A00992FB3;
					};
				};
			};
			buildConfigurationList = 16FC3A782033904A00992FB3 /* Build configuration list for PBXProject "TwonateApplication" */;
			compatibilityVersion = "Xcode 8.0";
			developmentRegion = en;
			hasScannedForEncodings = 0;
			knownRegions = (
				en,
				Base,
			);
			mainGroup = 16FC3A742033904A00992FB3;
			productRefGroup = 16FC3A7E2033904A00992FB3 /* Products */;
			projectDirPath = "";
			projectRoot = "";
			targets = (
				16FC3A7C2033904A00992FB3 /* TwonateApplication */,
				16FC3A932033904A00992FB3 /* TwonateApplicationTests */,
				16FC3A9E2033904A00992FB3 /* TwonateApplicationUITests */,
			);
		};
/* End PBXProject section */

/* Begin PBXResourcesBuildPhase section */
		16FC3A7B2033904A00992FB3 /* Resources */ = {
			isa = PBXResourcesBuildPhase;
			buildActionMask = 2147483647;
			files = (
				16FC3A8E2033904A00992FB3 /* LaunchScreen.storyboard in Resources */,
				536D85A62075C397003EC86E /* GoogleService-Info.plist in Resources */,
				16FC3A8B2033904A00992FB3 /* Assets.xcassets in Resources */,
				16FC3A862033904A00992FB3 /* Main.storyboard in Resources */,
			);
			runOnlyForDeploymentPostprocessing = 0;
		};
		16FC3A922033904A00992FB3 /* Resources */ = {
			isa = PBXResourcesBuildPhase;
			buildActionMask = 2147483647;
			files = (
			);
			runOnlyForDeploymentPostprocessing = 0;
		};
		16FC3A9D2033904A00992FB3 /* Resources */ = {
			isa = PBXResourcesBuildPhase;
			buildActionMask = 2147483647;
			files = (
			);
			runOnlyForDeploymentPostprocessing = 0;
		};
/* End PBXResourcesBuildPhase section */

/* Begin PBXShellScriptBuildPhase section */
		8CC833510A7D0C74648C0BD9 /* [CP] Copy Pods Resources */ = {
			isa = PBXShellScriptBuildPhase;
			buildActionMask = 2147483647;
			files = (
			);
			inputPaths = (
				"${SRCROOT}/Pods/Target Support Files/Pods-TwonateApplication/Pods-TwonateApplication-resources.sh",
				"${PODS_ROOT}/TwitterKit/iOS/TwitterKit.framework/TwitterKitResources.bundle",
				"${PODS_ROOT}/TwitterKit/iOS/TwitterKit.framework/TwitterShareExtensionUIResources.bundle",
			);
			name = "[CP] Copy Pods Resources";
			outputPaths = (
				"${TARGET_BUILD_DIR}/${UNLOCALIZED_RESOURCES_FOLDER_PATH}/TwitterKitResources.bundle",
				"${TARGET_BUILD_DIR}/${UNLOCALIZED_RESOURCES_FOLDER_PATH}/TwitterShareExtensionUIResources.bundle",
			);
			runOnlyForDeploymentPostprocessing = 0;
			shellPath = /bin/sh;
			shellScript = "\"${SRCROOT}/Pods/Target Support Files/Pods-TwonateApplication/Pods-TwonateApplication-resources.sh\"\n";
			showEnvVarsInLog = 0;
		};
		A425703FEA899437B9D60B4D /* [CP] Embed Pods Frameworks */ = {
			isa = PBXShellScriptBuildPhase;
			buildActionMask = 2147483647;
			files = (
			);
			inputPaths = (
				"${SRCROOT}/Pods/Target Support Files/Pods-TwonateApplication/Pods-TwonateApplication-frameworks.sh",
				"${BUILT_PRODUCTS_DIR}/GTMSessionFetcher/GTMSessionFetcher.framework",
				"${BUILT_PRODUCTS_DIR}/GoogleToolboxForMac/GoogleToolboxForMac.framework",
				"${BUILT_PRODUCTS_DIR}/Kingfisher/Kingfisher.framework",
				"${PODS_ROOT}/TwitterCore/iOS/TwitterCore.framework",
				"${PODS_ROOT}/TwitterKit/iOS/TwitterKit.framework",
				"${BUILT_PRODUCTS_DIR}/UICircularProgressRing/UICircularProgressRing.framework",
				"${BUILT_PRODUCTS_DIR}/leveldb-library/leveldb.framework",
				"${BUILT_PRODUCTS_DIR}/nanopb/nanopb.framework",
			);
			name = "[CP] Embed Pods Frameworks";
			outputPaths = (
				"${TARGET_BUILD_DIR}/${FRAMEWORKS_FOLDER_PATH}/GTMSessionFetcher.framework",
				"${TARGET_BUILD_DIR}/${FRAMEWORKS_FOLDER_PATH}/GoogleToolboxForMac.framework",
				"${TARGET_BUILD_DIR}/${FRAMEWORKS_FOLDER_PATH}/Kingfisher.framework",
				"${TARGET_BUILD_DIR}/${FRAMEWORKS_FOLDER_PATH}/TwitterCore.framework",
				"${TARGET_BUILD_DIR}/${FRAMEWORKS_FOLDER_PATH}/TwitterKit.framework",
				"${TARGET_BUILD_DIR}/${FRAMEWORKS_FOLDER_PATH}/UICircularProgressRing.framework",
				"${TARGET_BUILD_DIR}/${FRAMEWORKS_FOLDER_PATH}/leveldb.framework",
				"${TARGET_BUILD_DIR}/${FRAMEWORKS_FOLDER_PATH}/nanopb.framework",
			);
			runOnlyForDeploymentPostprocessing = 0;
			shellPath = /bin/sh;
			shellScript = "\"${SRCROOT}/Pods/Target Support Files/Pods-TwonateApplication/Pods-TwonateApplication-frameworks.sh\"\n";
			showEnvVarsInLog = 0;
		};
		DD0A96006422D34C797907BD /* [CP] Check Pods Manifest.lock */ = {
			isa = PBXShellScriptBuildPhase;
			buildActionMask = 2147483647;
			files = (
			);
			inputPaths = (
				"${PODS_PODFILE_DIR_PATH}/Podfile.lock",
				"${PODS_ROOT}/Manifest.lock",
			);
			name = "[CP] Check Pods Manifest.lock";
			outputPaths = (
				"$(DERIVED_FILE_DIR)/Pods-TwonateApplication-checkManifestLockResult.txt",
			);
			runOnlyForDeploymentPostprocessing = 0;
			shellPath = /bin/sh;
			shellScript = "diff \"${PODS_PODFILE_DIR_PATH}/Podfile.lock\" \"${PODS_ROOT}/Manifest.lock\" > /dev/null\nif [ $? != 0 ] ; then\n    # print error to STDERR\n    echo \"error: The sandbox is not in sync with the Podfile.lock. Run 'pod install' or update your CocoaPods installation.\" >&2\n    exit 1\nfi\n# This output is used by Xcode 'outputs' to avoid re-running this script phase.\necho \"SUCCESS\" > \"${SCRIPT_OUTPUT_FILE_0}\"\n";
			showEnvVarsInLog = 0;
		};
/* End PBXShellScriptBuildPhase section */

/* Begin PBXSourcesBuildPhase section */
		16FC3A792033904A00992FB3 /* Sources */ = {
			isa = PBXSourcesBuildPhase;
			buildActionMask = 2147483647;
			files = (
				16CC8F01206ACDEF00D0D1DC /* AppDelegate-TwitterAPI.m in Sources */,
				53FDC60A20BDE06600B3E3FD /* Leaderboard.swift in Sources */,
				532166E620AB7D5A008D1803 /* CreateFundraiserViewController.swift in Sources */,
				53FDC60620BDDE0000B3E3FD /* FundraiserDetailViewController.swift in Sources */,
				16FDA683207288210026EFA3 /* LogInViewController.swift in Sources */,
				53FDC60820BDE03600B3E3FD /* LeaderboardTableViewCell.swift in Sources */,
				16CC8EFD20695A3F00D0D1DC /* TwitterFunctions.swift in Sources */,
				53B3604320A89931005DFAFC /* FundraiserCollectionViewCell.swift in Sources */,
				53FDC60C20BE003D00B3E3FD /* UserProfileViewController.swift in Sources */,
				16FC3A892033904A00992FB3 /* TwonateApplication.xcdatamodeld in Sources */,
				53069EBE2097754400534074 /* FundraisersViewController.swift in Sources */,
				53B3604120A898BA005DFAFC /* Fundraiser.swift in Sources */,
				16FC3A812033904A00992FB3 /* AppDelegate.swift in Sources */,
			);
			runOnlyForDeploymentPostprocessing = 0;
		};
		16FC3A902033904A00992FB3 /* Sources */ = {
			isa = PBXSourcesBuildPhase;
			buildActionMask = 2147483647;
			files = (
				16FC3A992033904A00992FB3 /* TwonateApplicationTests.swift in Sources */,
			);
			runOnlyForDeploymentPostprocessing = 0;
		};
		16FC3A9B2033904A00992FB3 /* Sources */ = {
			isa = PBXSourcesBuildPhase;
			buildActionMask = 2147483647;
			files = (
				16FC3AA42033904A00992FB3 /* TwonateApplicationUITests.swift in Sources */,
			);
			runOnlyForDeploymentPostprocessing = 0;
		};
/* End PBXSourcesBuildPhase section */

/* Begin PBXTargetDependency section */
		16FC3A962033904A00992FB3 /* PBXTargetDependency */ = {
			isa = PBXTargetDependency;
			target = 16FC3A7C2033904A00992FB3 /* TwonateApplication */;
			targetProxy = 16FC3A952033904A00992FB3 /* PBXContainerItemProxy */;
		};
		16FC3AA12033904A00992FB3 /* PBXTargetDependency */ = {
			isa = PBXTargetDependency;
			target = 16FC3A7C2033904A00992FB3 /* TwonateApplication */;
			targetProxy = 16FC3AA02033904A00992FB3 /* PBXContainerItemProxy */;
		};
/* End PBXTargetDependency section */

/* Begin PBXVariantGroup section */
		16FC3A842033904A00992FB3 /* Main.storyboard */ = {
			isa = PBXVariantGroup;
			children = (
				16FC3A852033904A00992FB3 /* Base */,
			);
			name = Main.storyboard;
			sourceTree = "<group>";
		};
		16FC3A8C2033904A00992FB3 /* LaunchScreen.storyboard */ = {
			isa = PBXVariantGroup;
			children = (
				16FC3A8D2033904A00992FB3 /* Base */,
			);
			name = LaunchScreen.storyboard;
			sourceTree = "<group>";
		};
/* End PBXVariantGroup section */

/* Begin XCBuildConfiguration section */
		16FC3AA62033904A00992FB3 /* Debug */ = {
			isa = XCBuildConfiguration;
			buildSettings = {
				ALWAYS_SEARCH_USER_PATHS = NO;
				CLANG_ANALYZER_NONNULL = YES;
				CLANG_ANALYZER_NUMBER_OBJECT_CONVERSION = YES_AGGRESSIVE;
				CLANG_CXX_LANGUAGE_STANDARD = "gnu++14";
				CLANG_CXX_LIBRARY = "libc++";
				CLANG_ENABLE_MODULES = YES;
				CLANG_ENABLE_OBJC_ARC = YES;
				CLANG_WARN_BLOCK_CAPTURE_AUTORELEASING = YES;
				CLANG_WARN_BOOL_CONVERSION = YES;
				CLANG_WARN_COMMA = YES;
				CLANG_WARN_CONSTANT_CONVERSION = YES;
				CLANG_WARN_DIRECT_OBJC_ISA_USAGE = YES_ERROR;
				CLANG_WARN_DOCUMENTATION_COMMENTS = YES;
				CLANG_WARN_EMPTY_BODY = YES;
				CLANG_WARN_ENUM_CONVERSION = YES;
				CLANG_WARN_INFINITE_RECURSION = YES;
				CLANG_WARN_INT_CONVERSION = YES;
				CLANG_WARN_NON_LITERAL_NULL_CONVERSION = YES;
				CLANG_WARN_OBJC_LITERAL_CONVERSION = YES;
				CLANG_WARN_OBJC_ROOT_CLASS = YES_ERROR;
				CLANG_WARN_RANGE_LOOP_ANALYSIS = YES;
				CLANG_WARN_STRICT_PROTOTYPES = YES;
				CLANG_WARN_SUSPICIOUS_MOVE = YES;
				CLANG_WARN_UNGUARDED_AVAILABILITY = YES_AGGRESSIVE;
				CLANG_WARN_UNREACHABLE_CODE = YES;
				CLANG_WARN__DUPLICATE_METHOD_MATCH = YES;
				CODE_SIGN_IDENTITY = "iPhone Developer";
				COPY_PHASE_STRIP = NO;
				DEBUG_INFORMATION_FORMAT = dwarf;
				ENABLE_STRICT_OBJC_MSGSEND = YES;
				ENABLE_TESTABILITY = YES;
				GCC_C_LANGUAGE_STANDARD = gnu11;
				GCC_DYNAMIC_NO_PIC = NO;
				GCC_NO_COMMON_BLOCKS = YES;
				GCC_OPTIMIZATION_LEVEL = 0;
				GCC_PREPROCESSOR_DEFINITIONS = (
					"DEBUG=1",
					"$(inherited)",
				);
				GCC_WARN_64_TO_32_BIT_CONVERSION = YES;
				GCC_WARN_ABOUT_RETURN_TYPE = YES_ERROR;
				GCC_WARN_UNDECLARED_SELECTOR = YES;
				GCC_WARN_UNINITIALIZED_AUTOS = YES_AGGRESSIVE;
				GCC_WARN_UNUSED_FUNCTION = YES;
				GCC_WARN_UNUSED_VARIABLE = YES;
				IPHONEOS_DEPLOYMENT_TARGET = 11.2;
				MTL_ENABLE_DEBUG_INFO = YES;
				ONLY_ACTIVE_ARCH = YES;
				SDKROOT = iphoneos;
				SWIFT_ACTIVE_COMPILATION_CONDITIONS = DEBUG;
				SWIFT_OPTIMIZATION_LEVEL = "-Onone";
			};
			name = Debug;
		};
		16FC3AA72033904A00992FB3 /* Release */ = {
			isa = XCBuildConfiguration;
			buildSettings = {
				ALWAYS_SEARCH_USER_PATHS = NO;
				CLANG_ANALYZER_NONNULL = YES;
				CLANG_ANALYZER_NUMBER_OBJECT_CONVERSION = YES_AGGRESSIVE;
				CLANG_CXX_LANGUAGE_STANDARD = "gnu++14";
				CLANG_CXX_LIBRARY = "libc++";
				CLANG_ENABLE_MODULES = YES;
				CLANG_ENABLE_OBJC_ARC = YES;
				CLANG_WARN_BLOCK_CAPTURE_AUTORELEASING = YES;
				CLANG_WARN_BOOL_CONVERSION = YES;
				CLANG_WARN_COMMA = YES;
				CLANG_WARN_CONSTANT_CONVERSION = YES;
				CLANG_WARN_DIRECT_OBJC_ISA_USAGE = YES_ERROR;
				CLANG_WARN_DOCUMENTATION_COMMENTS = YES;
				CLANG_WARN_EMPTY_BODY = YES;
				CLANG_WARN_ENUM_CONVERSION = YES;
				CLANG_WARN_INFINITE_RECURSION = YES;
				CLANG_WARN_INT_CONVERSION = YES;
				CLANG_WARN_NON_LITERAL_NULL_CONVERSION = YES;
				CLANG_WARN_OBJC_LITERAL_CONVERSION = YES;
				CLANG_WARN_OBJC_ROOT_CLASS = YES_ERROR;
				CLANG_WARN_RANGE_LOOP_ANALYSIS = YES;
				CLANG_WARN_STRICT_PROTOTYPES = YES;
				CLANG_WARN_SUSPICIOUS_MOVE = YES;
				CLANG_WARN_UNGUARDED_AVAILABILITY = YES_AGGRESSIVE;
				CLANG_WARN_UNREACHABLE_CODE = YES;
				CLANG_WARN__DUPLICATE_METHOD_MATCH = YES;
				CODE_SIGN_IDENTITY = "iPhone Developer";
				COPY_PHASE_STRIP = NO;
				DEBUG_INFORMATION_FORMAT = "dwarf-with-dsym";
				ENABLE_NS_ASSERTIONS = NO;
				ENABLE_STRICT_OBJC_MSGSEND = YES;
				GCC_C_LANGUAGE_STANDARD = gnu11;
				GCC_NO_COMMON_BLOCKS = YES;
				GCC_WARN_64_TO_32_BIT_CONVERSION = YES;
				GCC_WARN_ABOUT_RETURN_TYPE = YES_ERROR;
				GCC_WARN_UNDECLARED_SELECTOR = YES;
				GCC_WARN_UNINITIALIZED_AUTOS = YES_AGGRESSIVE;
				GCC_WARN_UNUSED_FUNCTION = YES;
				GCC_WARN_UNUSED_VARIABLE = YES;
				IPHONEOS_DEPLOYMENT_TARGET = 11.2;
				MTL_ENABLE_DEBUG_INFO = NO;
				SDKROOT = iphoneos;
				SWIFT_OPTIMIZATION_LEVEL = "-Owholemodule";
				VALIDATE_PRODUCT = YES;
			};
			name = Release;
		};
		16FC3AA92033904A00992FB3 /* Debug */ = {
			isa = XCBuildConfiguration;
			baseConfigurationReference = C02D5F9A223EC7F99F591621 /* Pods-TwonateApplication.debug.xcconfig */;
			buildSettings = {
				ASSETCATALOG_COMPILER_APPICON_NAME = AppIcon;
				CLANG_ENABLE_MODULES = YES;
				CODE_SIGN_STYLE = Automatic;
				INFOPLIST_FILE = TwonateApplication/Info.plist;
				LD_RUNPATH_SEARCH_PATHS = "$(inherited) @executable_path/Frameworks";
				PRODUCT_BUNDLE_IDENTIFIER = BarnettDevComp.TwonateApplication;
				PRODUCT_NAME = "$(TARGET_NAME)";
				SWIFT_OBJC_BRIDGING_HEADER = "TwonateApplication/TwonateApplication-Bridging-Header.h";
				SWIFT_OPTIMIZATION_LEVEL = "-Onone";
				SWIFT_VERSION = 4.0;
				TARGETED_DEVICE_FAMILY = "1,2";
			};
			name = Debug;
		};
		16FC3AAA2033904A00992FB3 /* Release */ = {
			isa = XCBuildConfiguration;
			baseConfigurationReference = BDC64D65C53D7FD6ED3BC7AC /* Pods-TwonateApplication.release.xcconfig */;
			buildSettings = {
				ASSETCATALOG_COMPILER_APPICON_NAME = AppIcon;
				CLANG_ENABLE_MODULES = YES;
				CODE_SIGN_STYLE = Automatic;
				INFOPLIST_FILE = TwonateApplication/Info.plist;
				LD_RUNPATH_SEARCH_PATHS = "$(inherited) @executable_path/Frameworks";
				PRODUCT_BUNDLE_IDENTIFIER = BarnettDevComp.TwonateApplication;
				PRODUCT_NAME = "$(TARGET_NAME)";
				SWIFT_OBJC_BRIDGING_HEADER = "TwonateApplication/TwonateApplication-Bridging-Header.h";
				SWIFT_VERSION = 4.0;
				TARGETED_DEVICE_FAMILY = "1,2";
			};
			name = Release;
		};
		16FC3AAC2033904A00992FB3 /* Debug */ = {
			isa = XCBuildConfiguration;
			buildSettings = {
				ALWAYS_EMBED_SWIFT_STANDARD_LIBRARIES = YES;
				BUNDLE_LOADER = "$(TEST_HOST)";
				CODE_SIGN_STYLE = Automatic;
				INFOPLIST_FILE = TwonateApplicationTests/Info.plist;
				LD_RUNPATH_SEARCH_PATHS = "$(inherited) @executable_path/Frameworks @loader_path/Frameworks";
				PRODUCT_BUNDLE_IDENTIFIER = BarnettDevComp.TwonateApplicationTests;
				PRODUCT_NAME = "$(TARGET_NAME)";
				SWIFT_VERSION = 4.0;
				TARGETED_DEVICE_FAMILY = "1,2";
				TEST_HOST = "$(BUILT_PRODUCTS_DIR)/TwonateApplication.app/TwonateApplication";
			};
			name = Debug;
		};
		16FC3AAD2033904A00992FB3 /* Release */ = {
			isa = XCBuildConfiguration;
			buildSettings = {
				ALWAYS_EMBED_SWIFT_STANDARD_LIBRARIES = YES;
				BUNDLE_LOADER = "$(TEST_HOST)";
				CODE_SIGN_STYLE = Automatic;
				INFOPLIST_FILE = TwonateApplicationTests/Info.plist;
				LD_RUNPATH_SEARCH_PATHS = "$(inherited) @executable_path/Frameworks @loader_path/Frameworks";
				PRODUCT_BUNDLE_IDENTIFIER = BarnettDevComp.TwonateApplicationTests;
				PRODUCT_NAME = "$(TARGET_NAME)";
				SWIFT_VERSION = 4.0;
				TARGETED_DEVICE_FAMILY = "1,2";
				TEST_HOST = "$(BUILT_PRODUCTS_DIR)/TwonateApplication.app/TwonateApplication";
			};
			name = Release;
		};
		16FC3AAF2033904A00992FB3 /* Debug */ = {
			isa = XCBuildConfiguration;
			buildSettings = {
				ALWAYS_EMBED_SWIFT_STANDARD_LIBRARIES = YES;
				CODE_SIGN_STYLE = Automatic;
				INFOPLIST_FILE = TwonateApplicationUITests/Info.plist;
				LD_RUNPATH_SEARCH_PATHS = "$(inherited) @executable_path/Frameworks @loader_path/Frameworks";
				PRODUCT_BUNDLE_IDENTIFIER = BarnettDevComp.TwonateApplicationUITests;
				PRODUCT_NAME = "$(TARGET_NAME)";
				SWIFT_VERSION = 4.0;
				TARGETED_DEVICE_FAMILY = "1,2";
				TEST_TARGET_NAME = TwonateApplication;
			};
			name = Debug;
		};
		16FC3AB02033904A00992FB3 /* Release */ = {
			isa = XCBuildConfiguration;
			buildSettings = {
				ALWAYS_EMBED_SWIFT_STANDARD_LIBRARIES = YES;
				CODE_SIGN_STYLE = Automatic;
				INFOPLIST_FILE = TwonateApplicationUITests/Info.plist;
				LD_RUNPATH_SEARCH_PATHS = "$(inherited) @executable_path/Frameworks @loader_path/Frameworks";
				PRODUCT_BUNDLE_IDENTIFIER = BarnettDevComp.TwonateApplicationUITests;
				PRODUCT_NAME = "$(TARGET_NAME)";
				SWIFT_VERSION = 4.0;
				TARGETED_DEVICE_FAMILY = "1,2";
				TEST_TARGET_NAME = TwonateApplication;
			};
			name = Release;
		};
/* End XCBuildConfiguration section */

/* Begin XCConfigurationList section */
		16FC3A782033904A00992FB3 /* Build configuration list for PBXProject "TwonateApplication" */ = {
			isa = XCConfigurationList;
			buildConfigurations = (
				16FC3AA62033904A00992FB3 /* Debug */,
				16FC3AA72033904A00992FB3 /* Release */,
			);
			defaultConfigurationIsVisible = 0;
			defaultConfigurationName = Release;
		};
		16FC3AA82033904A00992FB3 /* Build configuration list for PBXNativeTarget "TwonateApplication" */ = {
			isa = XCConfigurationList;
			buildConfigurations = (
				16FC3AA92033904A00992FB3 /* Debug */,
				16FC3AAA2033904A00992FB3 /* Release */,
			);
			defaultConfigurationIsVisible = 0;
			defaultConfigurationName = Release;
		};
		16FC3AAB2033904A00992FB3 /* Build configuration list for PBXNativeTarget "TwonateApplicationTests" */ = {
			isa = XCConfigurationList;
			buildConfigurations = (
				16FC3AAC2033904A00992FB3 /* Debug */,
				16FC3AAD2033904A00992FB3 /* Release */,
			);
			defaultConfigurationIsVisible = 0;
			defaultConfigurationName = Release;
		};
		16FC3AAE2033904A00992FB3 /* Build configuration list for PBXNativeTarget "TwonateApplicationUITests" */ = {
			isa = XCConfigurationList;
			buildConfigurations = (
				16FC3AAF2033904A00992FB3 /* Debug */,
				16FC3AB02033904A00992FB3 /* Release */,
			);
			defaultConfigurationIsVisible = 0;
			defaultConfigurationName = Release;
		};
/* End XCConfigurationList section */

/* Begin XCVersionGroup section */
		16FC3A872033904A00992FB3 /* TwonateApplication.xcdatamodeld */ = {
			isa = XCVersionGroup;
			children = (
				16FC3A882033904A00992FB3 /* TwonateApplication.xcdatamodel */,
			);
			currentVersion = 16FC3A882033904A00992FB3 /* TwonateApplication.xcdatamodel */;
			path = TwonateApplication.xcdatamodeld;
			sourceTree = "<group>";
			versionGroupType = wrapper.xcdatamodel;
		};
/* End XCVersionGroup section */
	};
	rootObject = 16FC3A752033904A00992FB3 /* Project object */;
}
